
Microsoft Visual Studio Solution File, Format Version 12.00
# Visual Studio Version 17
VisualStudioVersion = 17.12.35707.178 d17.12
MinimumVisualStudioVersion = 10.0.40219.1
Project("{8BC9CEB8-8B4A-11D0-8D11-00A0C91BC942}") = "CudaRuntime", "CudaRuntime\CudaRuntime.vcxproj", "{FAC79F3B-3C35-4F6D-A279-C94A8F394FFB}"
EndProject
Project("{8BC9CEB8-8B4A-11D0-8D11-00A0C91BC942}") = "CudaRuntime_kernel", "CudaRuntime_kernel\CudaRuntime_kernel.vcxproj", "{EF50E0C7-E7A4-4552-B59B-EEBFB892C6AB}"
EndProject
Project("{8BC9CEB8-8B4A-11D0-8D11-00A0C91BC942}") = "CudaTexture", "CudaTexture\CudaTexture.vcxproj", "{381DF0EA-29C8-46DA-BC42-B92151DCB15A}"
EndProject
Global
	GlobalSection(SolutionConfigurationPlatforms) = preSolution
		Debug|x64 = Debug|x64
		Release|x64 = Release|x64
	EndGlobalSection
	GlobalSection(ProjectConfigurationPlatforms) = postSolution
		{FAC79F3B-3C35-4F6D-A279-C94A8F394FFB}.Debug|x64.ActiveCfg = Debug|x64
		{FAC79F3B-3C35-4F6D-A279-C94A8F394FFB}.Debug|x64.Build.0 = Debug|x64
		{FAC79F3B-3C35-4F6D-A279-C94A8F394FFB}.Release|x64.ActiveCfg = Release|x64
		{FAC79F3B-3C35-4F6D-A279-C94A8F394FFB}.Release|x64.Build.0 = Release|x64
		{EF50E0C7-E7A4-4552-B59B-EEBFB892C6AB}.Debug|x64.ActiveCfg = Debug|x64
		{EF50E0C7-E7A4-4552-B59B-EEBFB892C6AB}.Debug|x64.Build.0 = Debug|x64
		{EF50E0C7-E7A4-4552-B59B-EEBFB892C6AB}.Release|x64.ActiveCfg = Release|x64
		{EF50E0C7-E7A4-4552-B59B-EEBFB892C6AB}.Release|x64.Build.0 = Release|x64
		{381DF0EA-29C8-46DA-BC42-B92151DCB15A}.Debug|x64.ActiveCfg = Debug|x64
		{381DF0EA-29C8-46DA-BC42-B92151DCB15A}.Debug|x64.Build.0 = Debug|x64
		{381DF0EA-29C8-46DA-BC42-B92151DCB15A}.Release|x64.ActiveCfg = Release|x64
		{381DF0EA-29C8-46DA-BC42-B92151DCB15A}.Release|x64.Build.0 = Release|x64
	EndGlobalSection
	GlobalSection(SolutionProperties) = preSolution
		HideSolutionNode = FALSE
	EndGlobalSection
EndGlobal
